
Microsoft Visual Studio Solution File, Format Version 12.00
# Visual Studio 14
VisualStudioVersion = 14.0.25420.1
MinimumVisualStudioVersion = 10.0.40219.1
Project("{FAE04EC0-301F-11D3-BF4B-00C04F79EFBC}") = "RSA_WinTest", "RSA_WinTest\RSA_WinTest.csproj", "{E0CA2E39-154C-4C4D-8287-220C67E0ABAB}"
EndProject
Project("{FAE04EC0-301F-11D3-BF4B-00C04F79EFBC}") = "RSA_WinServer", "RSA_WinServer\RSA_WinServer.csproj", "{F25E6246-A10D-4BB1-BBB8-FA1F7EB83578}"
EndProject
Project("{FAE04EC0-301F-11D3-BF4B-00C04F79EFBC}") = "RSA_ConsoleClient", "RSA_ConsoleClient\RSA_ConsoleClient.csproj", "{D8AA1670-0B9A-4550-A5C7-5A873E542247}"
EndProject
Project("{FAE04EC0-301F-11D3-BF4B-00C04F79EFBC}") = "RSA_ChatService", "RSA_ChatService\RSA_ChatService.csproj", "{A3B120C5-FC4A-44FC-9571-C01E059344AA}"
EndProject
Project("{FAE04EC0-301F-11D3-BF4B-00C04F79EFBC}") = "RSA_ChatServiceHost", "RSA_ChatServiceHost\RSA_ChatServiceHost.csproj", "{8E4C3974-CD6E-40E1-BEDE-AA539FB17E06}"
EndProject
Project("{FAE04EC0-301F-11D3-BF4B-00C04F79EFBC}") = "ConsoleApplication1", "ConsoleApplication1\ConsoleApplication1.csproj", "{CDF1C806-77B3-4906-8AB6-0AF25D3362FB}"
EndProject
Project("{FAE04EC0-301F-11D3-BF4B-00C04F79EFBC}") = "RSA_WinClient", "RSA_WinClient\RSA_WinClient.csproj", "{55BDDC5F-79E6-4741-ACAD-4B5845231E29}"
	ProjectSection(ProjectDependencies) = postProject
		{8E4C3974-CD6E-40E1-BEDE-AA539FB17E06} = {8E4C3974-CD6E-40E1-BEDE-AA539FB17E06}
	EndProjectSection
EndProject
Global
	GlobalSection(SolutionConfigurationPlatforms) = preSolution
		Debug|Any CPU = Debug|Any CPU
		Debug|x64 = Debug|x64
		Release|Any CPU = Release|Any CPU
		Release|x64 = Release|x64
	EndGlobalSection
	GlobalSection(ProjectConfigurationPlatforms) = postSolution
		{E0CA2E39-154C-4C4D-8287-220C67E0ABAB}.Debug|Any CPU.ActiveCfg = Debug|Any CPU
		{E0CA2E39-154C-4C4D-8287-220C67E0ABAB}.Debug|Any CPU.Build.0 = Debug|Any CPU
		{E0CA2E39-154C-4C4D-8287-220C67E0ABAB}.Debug|x64.ActiveCfg = Debug|Any CPU
		{E0CA2E39-154C-4C4D-8287-220C67E0ABAB}.Debug|x64.Build.0 = Debug|Any CPU
		{E0CA2E39-154C-4C4D-8287-220C67E0ABAB}.Release|Any CPU.ActiveCfg = Release|Any CPU
		{E0CA2E39-154C-4C4D-8287-220C67E0ABAB}.Release|Any CPU.Build.0 = Release|Any CPU
		{E0CA2E39-154C-4C4D-8287-220C67E0ABAB}.Release|x64.ActiveCfg = Release|Any CPU
		{E0CA2E39-154C-4C4D-8287-220C67E0ABAB}.Release|x64.Build.0 = Release|Any CPU
		{F25E6246-A10D-4BB1-BBB8-FA1F7EB83578}.Debug|Any CPU.ActiveCfg = Debug|Any CPU
		{F25E6246-A10D-4BB1-BBB8-FA1F7EB83578}.Debug|Any CPU.Build.0 = Debug|Any CPU
		{F25E6246-A10D-4BB1-BBB8-FA1F7EB83578}.Debug|x64.ActiveCfg = Debug|Any CPU
		{F25E6246-A10D-4BB1-BBB8-FA1F7EB83578}.Debug|x64.Build.0 = Debug|Any CPU
		{F25E6246-A10D-4BB1-BBB8-FA1F7EB83578}.Release|Any CPU.ActiveCfg = Release|Any CPU
		{F25E6246-A10D-4BB1-BBB8-FA1F7EB83578}.Release|Any CPU.Build.0 = Release|Any CPU
		{F25E6246-A10D-4BB1-BBB8-FA1F7EB83578}.Release|x64.ActiveCfg = Release|Any CPU
		{F25E6246-A10D-4BB1-BBB8-FA1F7EB83578}.Release|x64.Build.0 = Release|Any CPU
		{D8AA1670-0B9A-4550-A5C7-5A873E542247}.Debug|Any CPU.ActiveCfg = Debug|Any CPU
		{D8AA1670-0B9A-4550-A5C7-5A873E542247}.Debug|Any CPU.Build.0 = Debug|Any CPU
		{D8AA1670-0B9A-4550-A5C7-5A873E542247}.Debug|x64.ActiveCfg = Debug|Any CPU
		{D8AA1670-0B9A-4550-A5C7-5A873E542247}.Debug|x64.Build.0 = Debug|Any CPU
		{D8AA1670-0B9A-4550-A5C7-5A873E542247}.Release|Any CPU.ActiveCfg = Release|Any CPU
		{D8AA1670-0B9A-4550-A5C7-5A873E542247}.Release|Any CPU.Build.0 = Release|Any CPU
		{D8AA1670-0B9A-4550-A5C7-5A873E542247}.Release|x64.ActiveCfg = Release|Any CPU
		{D8AA1670-0B9A-4550-A5C7-5A873E542247}.Release|x64.Build.0 = Release|Any CPU
		{A3B120C5-FC4A-44FC-9571-C01E059344AA}.Debug|Any CPU.ActiveCfg = Debug|Any CPU
		{A3B120C5-FC4A-44FC-9571-C01E059344AA}.Debug|Any CPU.Build.0 = Debug|Any CPU
		{A3B120C5-FC4A-44FC-9571-C01E059344AA}.Debug|x64.ActiveCfg = Debug|Any CPU
		{A3B120C5-FC4A-44FC-9571-C01E059344AA}.Debug|x64.Build.0 = Debug|Any CPU
		{A3B120C5-FC4A-44FC-9571-C01E059344AA}.Release|Any CPU.ActiveCfg = Release|Any CPU
		{A3B120C5-FC4A-44FC-9571-C01E059344AA}.Release|Any CPU.Build.0 = Release|Any CPU
		{A3B120C5-FC4A-44FC-9571-C01E059344AA}.Release|x64.ActiveCfg = Release|Any CPU
		{A3B120C5-FC4A-44FC-9571-C01E059344AA}.Release|x64.Build.0 = Release|Any CPU
		{8E4C3974-CD6E-40E1-BEDE-AA539FB17E06}.Debug|Any CPU.ActiveCfg = Debug|Any CPU
		{8E4C3974-CD6E-40E1-BEDE-AA539FB17E06}.Debug|Any CPU.Build.0 = Debug|Any CPU
		{8E4C3974-CD6E-40E1-BEDE-AA539FB17E06}.Debug|x64.ActiveCfg = Debug|Any CPU
		{8E4C3974-CD6E-40E1-BEDE-AA539FB17E06}.Debug|x64.Build.0 = Debug|Any CPU
		{8E4C3974-CD6E-40E1-BEDE-AA539FB17E06}.Release|Any CPU.ActiveCfg = Release|Any CPU
		{8E4C3974-CD6E-40E1-BEDE-AA539FB17E06}.Release|Any CPU.Build.0 = Release|Any CPU
		{8E4C3974-CD6E-40E1-BEDE-AA539FB17E06}.Release|x64.ActiveCfg = Release|Any CPU
		{8E4C3974-CD6E-40E1-BEDE-AA539FB17E06}.Release|x64.Build.0 = Release|Any CPU
		{CDF1C806-77B3-4906-8AB6-0AF25D3362FB}.Debug|Any CPU.ActiveCfg = Debug|Any CPU
		{CDF1C806-77B3-4906-8AB6-0AF25D3362FB}.Debug|Any CPU.Build.0 = Debug|Any CPU
		{CDF1C806-77B3-4906-8AB6-0AF25D3362FB}.Debug|x64.ActiveCfg = Debug|Any CPU
		{CDF1C806-77B3-4906-8AB6-0AF25D3362FB}.Debug|x64.Build.0 = Debug|Any CPU
		{CDF1C806-77B3-4906-8AB6-0AF25D3362FB}.Release|Any CPU.ActiveCfg = Release|Any CPU
		{CDF1C806-77B3-4906-8AB6-0AF25D3362FB}.Release|Any CPU.Build.0 = Release|Any CPU
		{CDF1C806-77B3-4906-8AB6-0AF25D3362FB}.Release|x64.ActiveCfg = Release|Any CPU
		{CDF1C806-77B3-4906-8AB6-0AF25D3362FB}.Release|x64.Build.0 = Release|Any CPU
		{55BDDC5F-79E6-4741-ACAD-4B5845231E29}.Debug|Any CPU.ActiveCfg = Debug|Any CPU
		{55BDDC5F-79E6-4741-ACAD-4B5845231E29}.Debug|Any CPU.Build.0 = Debug|Any CPU
		{55BDDC5F-79E6-4741-ACAD-4B5845231E29}.Debug|x64.ActiveCfg = Debug|Any CPU
		{55BDDC5F-79E6-4741-ACAD-4B5845231E29}.Debug|x64.Build.0 = Debug|Any CPU
		{55BDDC5F-79E6-4741-ACAD-4B5845231E29}.Release|Any CPU.ActiveCfg = Release|Any CPU
		{55BDDC5F-79E6-4741-ACAD-4B5845231E29}.Release|Any CPU.Build.0 = Release|Any CPU
		{55BDDC5F-79E6-4741-ACAD-4B5845231E29}.Release|x64.ActiveCfg = Release|Any CPU
		{55BDDC5F-79E6-4741-ACAD-4B5845231E29}.Release|x64.Build.0 = Release|Any CPU
	EndGlobalSection
	GlobalSection(SolutionProperties) = preSolution
		HideSolutionNode = FALSE
	EndGlobalSection
EndGlobal
